<?xml version="1.0" encoding="UTF-8"?>
<!DOCTYPE plist PUBLIC "-//Apple//DTD PLIST 1.0//EN" "http://www.apple.com/DTDs/PropertyList-1.0.dtd">
<plist version="1.0">
<dict>
	<key>archiveVersion</key>
	<string>1</string>
	<key>classes</key>
	<dict/>
	<key>objectVersion</key>
	<string>46</string>
	<key>objects</key>
	<dict>
		<key>1394804781C54D008529B8C4</key>
		<dict>
			<key>explicitFileType</key>
			<string>archive.ar</string>
			<key>includeInIndex</key>
			<string>0</string>
			<key>isa</key>
			<string>PBXFileReference</string>
			<key>path</key>
			<string>libPods-IKJaymaSample.a</string>
			<key>sourceTree</key>
			<string>BUILT_PRODUCTS_DIR</string>
		</dict>
		<key>378FD1A13EC94984911B3389</key>
		<dict>
			<key>buildActionMask</key>
			<string>2147483647</string>
			<key>files</key>
			<array/>
			<key>inputPaths</key>
			<array/>
			<key>isa</key>
			<string>PBXShellScriptBuildPhase</string>
			<key>name</key>
			<string>Copy Pods Resources</string>
			<key>outputPaths</key>
			<array/>
			<key>runOnlyForDeploymentPostprocessing</key>
			<string>0</string>
			<key>shellPath</key>
			<string>/bin/sh</string>
			<key>shellScript</key>
			<string>"${SRCROOT}/Pods/Target Support Files/Pods-IKJaymaSample/Pods-IKJaymaSample-resources.sh"
</string>
			<key>showEnvVarsInLog</key>
			<string>0</string>
		</dict>
		<key>4100027C1965982800331CA6</key>
		<dict>
			<key>fileEncoding</key>
			<string>4</string>
			<key>isa</key>
			<string>PBXFileReference</string>
			<key>lastKnownFileType</key>
			<string>sourcecode.c.h</string>
			<key>path</key>
			<string>IKCreateContactViewController.h</string>
			<key>sourceTree</key>
			<string>&lt;group&gt;</string>
		</dict>
		<key>4100027D1965982800331CA6</key>
		<dict>
			<key>fileEncoding</key>
			<string>4</string>
			<key>isa</key>
			<string>PBXFileReference</string>
			<key>lastKnownFileType</key>
			<string>sourcecode.c.objc</string>
			<key>path</key>
			<string>IKCreateContactViewController.m</string>
			<key>sourceTree</key>
			<string>&lt;group&gt;</string>
		</dict>
		<key>4100027E1965982800331CA6</key>
		<dict>
			<key>fileRef</key>
			<string>4100027D1965982800331CA6</string>
			<key>isa</key>
			<string>PBXBuildFile</string>
		</dict>
		<key>410002841965D5F300331CA6</key>
		<dict>
			<key>fileEncoding</key>
			<string>4</string>
			<key>isa</key>
			<string>PBXFileReference</string>
			<key>lastKnownFileType</key>
			<string>sourcecode.c.h</string>
			<key>path</key>
			<string>IKUpdateContactViewController.h</string>
			<key>sourceTree</key>
			<string>&lt;group&gt;</string>
		</dict>
		<key>410002851965D5F300331CA6</key>
		<dict>
			<key>fileEncoding</key>
			<string>4</string>
			<key>isa</key>
			<string>PBXFileReference</string>
			<key>lastKnownFileType</key>
			<string>sourcecode.c.objc</string>
			<key>path</key>
			<string>IKUpdateContactViewController.m</string>
			<key>sourceTree</key>
			<string>&lt;group&gt;</string>
		</dict>
		<key>410002861965D5F300331CA6</key>
		<dict>
			<key>fileRef</key>
			<string>410002851965D5F300331CA6</string>
			<key>isa</key>
			<string>PBXBuildFile</string>
		</dict>
		<key>410002871965E8F300331CA6</key>
		<dict>
			<key>children</key>
			<array>
				<string>410002971966031900331CA6</string>
				<string>410002981966031900331CA6</string>
				<string>BFEE34AA19785A6C0025DB8E</string>
				<string>BFEE34AB19785A6C0025DB8E</string>
				<string>410002881965E8F300331CA6</string>
				<string>410002891965E8F300331CA6</string>
				<string>4100028A1965E8F300331CA6</string>
				<string>4100028B1965E8F300331CA6</string>
				<string>4100028C1965E8F300331CA6</string>
				<string>4100028D1965E8F300331CA6</string>
				<string>4100028E1965E8F300331CA6</string>
			</array>
			<key>isa</key>
			<string>PBXGroup</string>
			<key>name</key>
			<string>IKJayma</string>
			<key>path</key>
			<string>../../IKJayma/IKJayma</string>
			<key>sourceTree</key>
			<string>&lt;group&gt;</string>
		</dict>
		<key>410002881965E8F300331CA6</key>
		<dict>
			<key>fileEncoding</key>
			<string>4</string>
			<key>isa</key>
			<string>PBXFileReference</string>
			<key>lastKnownFileType</key>
			<string>sourcecode.c.h</string>
			<key>path</key>
			<string>IJAbstractDocument.h</string>
			<key>sourceTree</key>
			<string>&lt;group&gt;</string>
		</dict>
		<key>410002891965E8F300331CA6</key>
		<dict>
			<key>fileEncoding</key>
			<string>4</string>
			<key>isa</key>
			<string>PBXFileReference</string>
			<key>lastKnownFileType</key>
			<string>sourcecode.c.objc</string>
			<key>path</key>
			<string>IJAbstractDocument.m</string>
			<key>sourceTree</key>
			<string>&lt;group&gt;</string>
		</dict>
		<key>4100028A1965E8F300331CA6</key>
		<dict>
			<key>fileEncoding</key>
			<string>4</string>
			<key>isa</key>
			<string>PBXFileReference</string>
			<key>lastKnownFileType</key>
			<string>sourcecode.c.h</string>
			<key>path</key>
			<string>IJAbstractRepository.h</string>
			<key>sourceTree</key>
			<string>&lt;group&gt;</string>
		</dict>
		<key>4100028B1965E8F300331CA6</key>
		<dict>
			<key>fileEncoding</key>
			<string>4</string>
			<key>isa</key>
			<string>PBXFileReference</string>
			<key>lastKnownFileType</key>
			<string>sourcecode.c.objc</string>
			<key>path</key>
			<string>IJAbstractRepository.m</string>
			<key>sourceTree</key>
			<string>&lt;group&gt;</string>
		</dict>
		<key>4100028C1965E8F300331CA6</key>
		<dict>
			<key>fileEncoding</key>
			<string>4</string>
			<key>isa</key>
			<string>PBXFileReference</string>
			<key>lastKnownFileType</key>
			<string>sourcecode.c.h</string>
			<key>path</key>
			<string>IJAFNetworkingBackend.h</string>
			<key>sourceTree</key>
			<string>&lt;group&gt;</string>
		</dict>
		<key>4100028D1965E8F300331CA6</key>
		<dict>
			<key>fileEncoding</key>
			<string>4</string>
			<key>isa</key>
			<string>PBXFileReference</string>
			<key>lastKnownFileType</key>
			<string>sourcecode.c.objc</string>
			<key>path</key>
			<string>IJAFNetworkingBackend.m</string>
			<key>sourceTree</key>
			<string>&lt;group&gt;</string>
		</dict>
		<key>4100028E1965E8F300331CA6</key>
		<dict>
			<key>fileEncoding</key>
			<string>4</string>
			<key>isa</key>
			<string>PBXFileReference</string>
			<key>lastKnownFileType</key>
			<string>sourcecode.c.h</string>
			<key>path</key>
			<string>IKJayma-Prefix.pch</string>
			<key>sourceTree</key>
			<string>&lt;group&gt;</string>
		</dict>
		<key>4100028F1965E8F300331CA6</key>
		<dict>
			<key>fileRef</key>
			<string>410002891965E8F300331CA6</string>
			<key>isa</key>
			<string>PBXBuildFile</string>
		</dict>
		<key>410002901965E8F300331CA6</key>
		<dict>
			<key>fileRef</key>
			<string>4100028B1965E8F300331CA6</string>
			<key>isa</key>
			<string>PBXBuildFile</string>
		</dict>
		<key>410002911965E8F300331CA6</key>
		<dict>
			<key>fileRef</key>
			<string>4100028D1965E8F300331CA6</string>
			<key>isa</key>
			<string>PBXBuildFile</string>
		</dict>
		<key>410002971966031900331CA6</key>
		<dict>
			<key>fileEncoding</key>
			<string>4</string>
			<key>isa</key>
			<string>PBXFileReference</string>
			<key>lastKnownFileType</key>
			<string>sourcecode.c.h</string>
			<key>path</key>
			<string>IJError.h</string>
			<key>sourceTree</key>
			<string>&lt;group&gt;</string>
		</dict>
		<key>410002981966031900331CA6</key>
		<dict>
			<key>fileEncoding</key>
			<string>4</string>
			<key>isa</key>
			<string>PBXFileReference</string>
			<key>lastKnownFileType</key>
			<string>sourcecode.c.objc</string>
			<key>path</key>
			<string>IJError.m</string>
			<key>sourceTree</key>
			<string>&lt;group&gt;</string>
		</dict>
		<key>410002991966031900331CA6</key>
		<dict>
			<key>fileRef</key>
			<string>410002981966031900331CA6</string>
			<key>isa</key>
			<string>PBXBuildFile</string>
		</dict>
		<key>4100029A1966E19A00331CA6</key>
		<dict>
			<key>fileEncoding</key>
			<string>4</string>
			<key>isa</key>
			<string>PBXFileReference</string>
			<key>lastKnownFileType</key>
			<string>sourcecode.c.h</string>
			<key>path</key>
			<string>IKSearchContactsViewController.h</string>
			<key>sourceTree</key>
			<string>&lt;group&gt;</string>
		</dict>
		<key>4100029B1966E19A00331CA6</key>
		<dict>
			<key>fileEncoding</key>
			<string>4</string>
			<key>isa</key>
			<string>PBXFileReference</string>
			<key>lastKnownFileType</key>
			<string>sourcecode.c.objc</string>
			<key>path</key>
			<string>IKSearchContactsViewController.m</string>
			<key>sourceTree</key>
			<string>&lt;group&gt;</string>
		</dict>
		<key>4100029C1966E19A00331CA6</key>
		<dict>
			<key>fileRef</key>
			<string>4100029B1966E19A00331CA6</string>
			<key>isa</key>
			<string>PBXBuildFile</string>
		</dict>
		<key>4108813D196441E7004E05C7</key>
		<dict>
			<key>children</key>
			<array>
				<string>4108814F196441E7004E05C7</string>
				<string>4108816E196441E7004E05C7</string>
				<string>41088148196441E7004E05C7</string>
				<string>41088147196441E7004E05C7</string>
				<string>57BF7EA28AAFA36F301B1602</string>
			</array>
			<key>isa</key>
			<string>PBXGroup</string>
			<key>sourceTree</key>
			<string>&lt;group&gt;</string>
		</dict>
		<key>4108813E196441E7004E05C7</key>
		<dict>
			<key>attributes</key>
			<dict>
				<key>CLASSPREFIX</key>
				<string>IK</string>
				<key>LastUpgradeCheck</key>
				<string>0500</string>
				<key>ORGANIZATIONNAME</key>
				<string>Inaka Labs S.A.</string>
				<key>TargetAttributes</key>
				<dict>
					<key>41088166196441E7004E05C7</key>
					<dict>
						<key>TestTargetID</key>
						<string>41088145196441E7004E05C7</string>
					</dict>
				</dict>
			</dict>
			<key>buildConfigurationList</key>
			<string>41088141196441E7004E05C7</string>
			<key>compatibilityVersion</key>
			<string>Xcode 3.2</string>
			<key>developmentRegion</key>
			<string>English</string>
			<key>hasScannedForEncodings</key>
			<string>0</string>
			<key>isa</key>
			<string>PBXProject</string>
			<key>knownRegions</key>
			<array>
				<string>en</string>
				<string>Base</string>
			</array>
			<key>mainGroup</key>
			<string>4108813D196441E7004E05C7</string>
			<key>productRefGroup</key>
			<string>41088147196441E7004E05C7</string>
			<key>projectDirPath</key>
			<string></string>
			<key>projectReferences</key>
			<array/>
			<key>projectRoot</key>
			<string></string>
			<key>targets</key>
			<array>
				<string>41088145196441E7004E05C7</string>
				<string>41088166196441E7004E05C7</string>
			</array>
		</dict>
		<key>41088141196441E7004E05C7</key>
		<dict>
			<key>buildConfigurations</key>
			<array>
				<string>41088176196441E7004E05C7</string>
				<string>41088177196441E7004E05C7</string>
			</array>
			<key>defaultConfigurationIsVisible</key>
			<string>0</string>
			<key>defaultConfigurationName</key>
			<string>Release</string>
			<key>isa</key>
			<string>XCConfigurationList</string>
		</dict>
		<key>41088142196441E7004E05C7</key>
		<dict>
			<key>buildActionMask</key>
			<string>2147483647</string>
			<key>files</key>
			<array>
				<string>4108818C196446AD004E05C7</string>
				<string>410002861965D5F300331CA6</string>
				<string>4100029C1966E19A00331CA6</string>
				<string>4108815A196441E7004E05C7</string>
				<string>BFEE34AC19785A6C0025DB8E</string>
				<string>4108818F19644D83004E05C7</string>
				<string>410002911965E8F300331CA6</string>
				<string>4100027E1965982800331CA6</string>
				<string>4100028F1965E8F300331CA6</string>
				<string>410002991966031900331CA6</string>
				<string>410002901965E8F300331CA6</string>
				<string>41088156196441E7004E05C7</string>
				<string>41088160196441E7004E05C7</string>
			</array>
			<key>isa</key>
			<string>PBXSourcesBuildPhase</string>
			<key>runOnlyForDeploymentPostprocessing</key>
			<string>0</string>
		</dict>
		<key>41088143196441E7004E05C7</key>
		<dict>
			<key>buildActionMask</key>
			<string>2147483647</string>
			<key>files</key>
			<array>
				<string>4108814C196441E7004E05C7</string>
				<string>4108814E196441E7004E05C7</string>
				<string>4108814A196441E7004E05C7</string>
				<string>CC0E1346941945F29954D57E</string>
			</array>
			<key>isa</key>
			<string>PBXFrameworksBuildPhase</string>
			<key>runOnlyForDeploymentPostprocessing</key>
			<string>0</string>
		</dict>
		<key>41088144196441E7004E05C7</key>
		<dict>
			<key>buildActionMask</key>
			<string>2147483647</string>
			<key>files</key>
			<array>
				<string>41088162196441E7004E05C7</string>
				<string>41088154196441E7004E05C7</string>
				<string>4108815D196441E7004E05C7</string>
			</array>
			<key>isa</key>
			<string>PBXResourcesBuildPhase</string>
			<key>runOnlyForDeploymentPostprocessing</key>
			<string>0</string>
		</dict>
		<key>41088145196441E7004E05C7</key>
		<dict>
			<key>buildConfigurationList</key>
			<string>41088178196441E7004E05C7</string>
			<key>buildPhases</key>
			<array>
				<string>FFB4865E08D24CEF93707E41</string>
				<string>41088142196441E7004E05C7</string>
				<string>41088143196441E7004E05C7</string>
				<string>41088144196441E7004E05C7</string>
				<string>378FD1A13EC94984911B3389</string>
			</array>
			<key>buildRules</key>
			<array/>
			<key>dependencies</key>
			<array/>
			<key>isa</key>
			<string>PBXNativeTarget</string>
			<key>name</key>
			<string>IKJaymaSample</string>
			<key>productName</key>
			<string>IKJaymaSample</string>
			<key>productReference</key>
			<string>41088146196441E7004E05C7</string>
			<key>productType</key>
			<string>com.apple.product-type.application</string>
		</dict>
		<key>41088146196441E7004E05C7</key>
		<dict>
			<key>explicitFileType</key>
			<string>wrapper.application</string>
			<key>includeInIndex</key>
			<string>0</string>
			<key>isa</key>
			<string>PBXFileReference</string>
			<key>path</key>
			<string>IKJaymaSample.app</string>
			<key>sourceTree</key>
			<string>BUILT_PRODUCTS_DIR</string>
		</dict>
		<key>41088147196441E7004E05C7</key>
		<dict>
			<key>children</key>
			<array>
				<string>41088146196441E7004E05C7</string>
				<string>41088167196441E7004E05C7</string>
			</array>
			<key>isa</key>
			<string>PBXGroup</string>
			<key>name</key>
			<string>Products</string>
			<key>sourceTree</key>
			<string>&lt;group&gt;</string>
		</dict>
		<key>41088148196441E7004E05C7</key>
		<dict>
			<key>children</key>
			<array>
				<string>41088149196441E7004E05C7</string>
				<string>4108814B196441E7004E05C7</string>
				<string>4108814D196441E7004E05C7</string>
				<string>41088168196441E7004E05C7</string>
				<string>1394804781C54D008529B8C4</string>
			</array>
			<key>isa</key>
			<string>PBXGroup</string>
			<key>name</key>
			<string>Frameworks</string>
			<key>sourceTree</key>
			<string>&lt;group&gt;</string>
		</dict>
		<key>41088149196441E7004E05C7</key>
		<dict>
			<key>isa</key>
			<string>PBXFileReference</string>
			<key>lastKnownFileType</key>
			<string>wrapper.framework</string>
			<key>name</key>
			<string>Foundation.framework</string>
			<key>path</key>
			<string>System/Library/Frameworks/Foundation.framework</string>
			<key>sourceTree</key>
			<string>SDKROOT</string>
		</dict>
		<key>4108814A196441E7004E05C7</key>
		<dict>
			<key>fileRef</key>
			<string>41088149196441E7004E05C7</string>
			<key>isa</key>
			<string>PBXBuildFile</string>
		</dict>
		<key>4108814B196441E7004E05C7</key>
		<dict>
			<key>isa</key>
			<string>PBXFileReference</string>
			<key>lastKnownFileType</key>
			<string>wrapper.framework</string>
			<key>name</key>
			<string>CoreGraphics.framework</string>
			<key>path</key>
			<string>System/Library/Frameworks/CoreGraphics.framework</string>
			<key>sourceTree</key>
			<string>SDKROOT</string>
		</dict>
		<key>4108814C196441E7004E05C7</key>
		<dict>
			<key>fileRef</key>
			<string>4108814B196441E7004E05C7</string>
			<key>isa</key>
			<string>PBXBuildFile</string>
		</dict>
		<key>4108814D196441E7004E05C7</key>
		<dict>
			<key>isa</key>
			<string>PBXFileReference</string>
			<key>lastKnownFileType</key>
			<string>wrapper.framework</string>
			<key>name</key>
			<string>UIKit.framework</string>
			<key>path</key>
			<string>System/Library/Frameworks/UIKit.framework</string>
			<key>sourceTree</key>
			<string>SDKROOT</string>
		</dict>
		<key>4108814E196441E7004E05C7</key>
		<dict>
			<key>fileRef</key>
			<string>4108814D196441E7004E05C7</string>
			<key>isa</key>
			<string>PBXBuildFile</string>
		</dict>
		<key>4108814F196441E7004E05C7</key>
		<dict>
			<key>children</key>
			<array>
				<string>410002871965E8F300331CA6</string>
				<string>4108818919644462004E05C7</string>
				<string>41088158196441E7004E05C7</string>
				<string>41088159196441E7004E05C7</string>
				<string>4108815B196441E7004E05C7</string>
				<string>4108815E196441E7004E05C7</string>
				<string>4108815F196441E7004E05C7</string>
				<string>4100029A1966E19A00331CA6</string>
				<string>4100029B1966E19A00331CA6</string>
				<string>410002841965D5F300331CA6</string>
				<string>410002851965D5F300331CA6</string>
				<string>4100027C1965982800331CA6</string>
				<string>4100027D1965982800331CA6</string>
				<string>41088161196441E7004E05C7</string>
				<string>41088150196441E7004E05C7</string>
				<string>4108819019647410004E05C7</string>
			</array>
			<key>isa</key>
			<string>PBXGroup</string>
			<key>path</key>
			<string>IKJaymaSample</string>
			<key>sourceTree</key>
			<string>&lt;group&gt;</string>
		</dict>
		<key>41088150196441E7004E05C7</key>
		<dict>
			<key>children</key>
			<array>
				<string>41088151196441E7004E05C7</string>
				<string>41088152196441E7004E05C7</string>
				<string>41088155196441E7004E05C7</string>
				<string>41088157196441E7004E05C7</string>
			</array>
			<key>isa</key>
			<string>PBXGroup</string>
			<key>name</key>
			<string>Supporting Files</string>
			<key>sourceTree</key>
			<string>&lt;group&gt;</string>
		</dict>
		<key>41088151196441E7004E05C7</key>
		<dict>
			<key>isa</key>
			<string>PBXFileReference</string>
			<key>lastKnownFileType</key>
			<string>text.plist.xml</string>
			<key>path</key>
			<string>IKJaymaSample-Info.plist</string>
			<key>sourceTree</key>
			<string>&lt;group&gt;</string>
		</dict>
		<key>41088152196441E7004E05C7</key>
		<dict>
			<key>children</key>
			<array>
				<string>41088153196441E7004E05C7</string>
			</array>
			<key>isa</key>
			<string>PBXVariantGroup</string>
			<key>name</key>
			<string>InfoPlist.strings</string>
			<key>sourceTree</key>
			<string>&lt;group&gt;</string>
		</dict>
		<key>41088153196441E7004E05C7</key>
		<dict>
			<key>isa</key>
			<string>PBXFileReference</string>
			<key>lastKnownFileType</key>
			<string>text.plist.strings</string>
			<key>name</key>
			<string>en</string>
			<key>path</key>
			<string>en.lproj/InfoPlist.strings</string>
			<key>sourceTree</key>
			<string>&lt;group&gt;</string>
		</dict>
		<key>41088154196441E7004E05C7</key>
		<dict>
			<key>fileRef</key>
			<string>41088152196441E7004E05C7</string>
			<key>isa</key>
			<string>PBXBuildFile</string>
		</dict>
		<key>41088155196441E7004E05C7</key>
		<dict>
			<key>isa</key>
			<string>PBXFileReference</string>
			<key>lastKnownFileType</key>
			<string>sourcecode.c.objc</string>
			<key>path</key>
			<string>main.m</string>
			<key>sourceTree</key>
			<string>&lt;group&gt;</string>
		</dict>
		<key>41088156196441E7004E05C7</key>
		<dict>
			<key>fileRef</key>
			<string>41088155196441E7004E05C7</string>
			<key>isa</key>
			<string>PBXBuildFile</string>
		</dict>
		<key>41088157196441E7004E05C7</key>
		<dict>
			<key>isa</key>
			<string>PBXFileReference</string>
			<key>lastKnownFileType</key>
			<string>sourcecode.c.h</string>
			<key>path</key>
			<string>IKJaymaSample-Prefix.pch</string>
			<key>sourceTree</key>
			<string>&lt;group&gt;</string>
		</dict>
		<key>41088158196441E7004E05C7</key>
		<dict>
			<key>isa</key>
			<string>PBXFileReference</string>
			<key>lastKnownFileType</key>
			<string>sourcecode.c.h</string>
			<key>path</key>
			<string>IKAppDelegate.h</string>
			<key>sourceTree</key>
			<string>&lt;group&gt;</string>
		</dict>
		<key>41088159196441E7004E05C7</key>
		<dict>
			<key>isa</key>
			<string>PBXFileReference</string>
			<key>lastKnownFileType</key>
			<string>sourcecode.c.objc</string>
			<key>path</key>
			<string>IKAppDelegate.m</string>
			<key>sourceTree</key>
			<string>&lt;group&gt;</string>
		</dict>
		<key>4108815A196441E7004E05C7</key>
		<dict>
			<key>fileRef</key>
			<string>41088159196441E7004E05C7</string>
			<key>isa</key>
			<string>PBXBuildFile</string>
		</dict>
		<key>4108815B196441E7004E05C7</key>
		<dict>
			<key>children</key>
			<array>
				<string>4108815C196441E7004E05C7</string>
			</array>
			<key>isa</key>
			<string>PBXVariantGroup</string>
			<key>name</key>
			<string>Main.storyboard</string>
			<key>sourceTree</key>
			<string>&lt;group&gt;</string>
		</dict>
		<key>4108815C196441E7004E05C7</key>
		<dict>
			<key>isa</key>
			<string>PBXFileReference</string>
			<key>lastKnownFileType</key>
			<string>file.storyboard</string>
			<key>name</key>
			<string>Base</string>
			<key>path</key>
			<string>Base.lproj/Main.storyboard</string>
			<key>sourceTree</key>
			<string>&lt;group&gt;</string>
		</dict>
		<key>4108815D196441E7004E05C7</key>
		<dict>
			<key>fileRef</key>
			<string>4108815B196441E7004E05C7</string>
			<key>isa</key>
			<string>PBXBuildFile</string>
		</dict>
		<key>4108815E196441E7004E05C7</key>
		<dict>
			<key>isa</key>
			<string>PBXFileReference</string>
			<key>lastKnownFileType</key>
			<string>sourcecode.c.h</string>
			<key>path</key>
			<string>IKViewController.h</string>
			<key>sourceTree</key>
			<string>&lt;group&gt;</string>
		</dict>
		<key>4108815F196441E7004E05C7</key>
		<dict>
			<key>isa</key>
			<string>PBXFileReference</string>
			<key>lastKnownFileType</key>
			<string>sourcecode.c.objc</string>
			<key>path</key>
			<string>IKViewController.m</string>
			<key>sourceTree</key>
			<string>&lt;group&gt;</string>
		</dict>
		<key>41088160196441E7004E05C7</key>
		<dict>
			<key>fileRef</key>
			<string>4108815F196441E7004E05C7</string>
			<key>isa</key>
			<string>PBXBuildFile</string>
		</dict>
		<key>41088161196441E7004E05C7</key>
		<dict>
			<key>isa</key>
			<string>PBXFileReference</string>
			<key>lastKnownFileType</key>
			<string>folder.assetcatalog</string>
			<key>path</key>
			<string>Images.xcassets</string>
			<key>sourceTree</key>
			<string>&lt;group&gt;</string>
		</dict>
		<key>41088162196441E7004E05C7</key>
		<dict>
			<key>fileRef</key>
			<string>41088161196441E7004E05C7</string>
			<key>isa</key>
			<string>PBXBuildFile</string>
		</dict>
		<key>41088163196441E7004E05C7</key>
		<dict>
			<key>buildActionMask</key>
			<string>2147483647</string>
			<key>files</key>
			<array>
				<string>BFEE34AD19785A6C0025DB8E</string>
			</array>
			<key>isa</key>
			<string>PBXSourcesBuildPhase</string>
			<key>runOnlyForDeploymentPostprocessing</key>
			<string>0</string>
		</dict>
		<key>41088164196441E7004E05C7</key>
		<dict>
			<key>buildActionMask</key>
			<string>2147483647</string>
			<key>files</key>
			<array>
				<string>41088169196441E7004E05C7</string>
				<string>4108816B196441E7004E05C7</string>
				<string>4108816A196441E7004E05C7</string>
			</array>
			<key>isa</key>
			<string>PBXFrameworksBuildPhase</string>
			<key>runOnlyForDeploymentPostprocessing</key>
			<string>0</string>
		</dict>
		<key>41088165196441E7004E05C7</key>
		<dict>
			<key>buildActionMask</key>
			<string>2147483647</string>
			<key>files</key>
			<array>
				<string>41088173196441E7004E05C7</string>
			</array>
			<key>isa</key>
			<string>PBXResourcesBuildPhase</string>
			<key>runOnlyForDeploymentPostprocessing</key>
			<string>0</string>
		</dict>
		<key>41088166196441E7004E05C7</key>
		<dict>
			<key>buildConfigurationList</key>
			<string>4108817B196441E7004E05C7</string>
			<key>buildPhases</key>
			<array>
				<string>41088163196441E7004E05C7</string>
				<string>41088164196441E7004E05C7</string>
				<string>41088165196441E7004E05C7</string>
			</array>
			<key>buildRules</key>
			<array/>
			<key>dependencies</key>
			<array>
				<string>4108816D196441E7004E05C7</string>
			</array>
			<key>isa</key>
			<string>PBXNativeTarget</string>
			<key>name</key>
			<string>IKJaymaSampleTests</string>
			<key>productName</key>
			<string>IKJaymaSampleTests</string>
			<key>productReference</key>
			<string>41088167196441E7004E05C7</string>
			<key>productType</key>
			<string>com.apple.product-type.bundle.unit-test</string>
		</dict>
		<key>41088167196441E7004E05C7</key>
		<dict>
			<key>explicitFileType</key>
			<string>wrapper.cfbundle</string>
			<key>includeInIndex</key>
			<string>0</string>
			<key>isa</key>
			<string>PBXFileReference</string>
			<key>path</key>
			<string>IKJaymaSampleTests.xctest</string>
			<key>sourceTree</key>
			<string>BUILT_PRODUCTS_DIR</string>
		</dict>
		<key>41088168196441E7004E05C7</key>
		<dict>
			<key>isa</key>
			<string>PBXFileReference</string>
			<key>lastKnownFileType</key>
			<string>wrapper.framework</string>
			<key>name</key>
			<string>XCTest.framework</string>
			<key>path</key>
			<string>Library/Frameworks/XCTest.framework</string>
			<key>sourceTree</key>
			<string>DEVELOPER_DIR</string>
		</dict>
		<key>41088169196441E7004E05C7</key>
		<dict>
			<key>fileRef</key>
			<string>41088168196441E7004E05C7</string>
			<key>isa</key>
			<string>PBXBuildFile</string>
		</dict>
		<key>4108816A196441E7004E05C7</key>
		<dict>
			<key>fileRef</key>
			<string>41088149196441E7004E05C7</string>
			<key>isa</key>
			<string>PBXBuildFile</string>
		</dict>
		<key>4108816B196441E7004E05C7</key>
		<dict>
			<key>fileRef</key>
			<string>4108814D196441E7004E05C7</string>
			<key>isa</key>
			<string>PBXBuildFile</string>
		</dict>
		<key>4108816C196441E7004E05C7</key>
		<dict>
			<key>containerPortal</key>
			<string>4108813E196441E7004E05C7</string>
			<key>isa</key>
			<string>PBXContainerItemProxy</string>
			<key>proxyType</key>
			<string>1</string>
			<key>remoteGlobalIDString</key>
			<string>41088145196441E7004E05C7</string>
			<key>remoteInfo</key>
			<string>IKJaymaSample</string>
		</dict>
		<key>4108816D196441E7004E05C7</key>
		<dict>
			<key>isa</key>
			<string>PBXTargetDependency</string>
			<key>target</key>
			<string>41088145196441E7004E05C7</string>
			<key>targetProxy</key>
			<string>4108816C196441E7004E05C7</string>
		</dict>
		<key>4108816E196441E7004E05C7</key>
		<dict>
			<key>children</key>
			<array>
				<string>4108816F196441E7004E05C7</string>
			</array>
			<key>isa</key>
			<string>PBXGroup</string>
			<key>path</key>
			<string>IKJaymaSampleTests</string>
			<key>sourceTree</key>
			<string>&lt;group&gt;</string>
		</dict>
		<key>4108816F196441E7004E05C7</key>
		<dict>
			<key>children</key>
			<array>
				<string>41088170196441E7004E05C7</string>
				<string>41088171196441E7004E05C7</string>
			</array>
			<key>isa</key>
			<string>PBXGroup</string>
			<key>name</key>
			<string>Supporting Files</string>
			<key>sourceTree</key>
			<string>&lt;group&gt;</string>
		</dict>
		<key>41088170196441E7004E05C7</key>
		<dict>
			<key>isa</key>
			<string>PBXFileReference</string>
			<key>lastKnownFileType</key>
			<string>text.plist.xml</string>
			<key>path</key>
			<string>IKJaymaSampleTests-Info.plist</string>
			<key>sourceTree</key>
			<string>&lt;group&gt;</string>
		</dict>
		<key>41088171196441E7004E05C7</key>
		<dict>
			<key>children</key>
			<array>
				<string>41088172196441E7004E05C7</string>
			</array>
			<key>isa</key>
			<string>PBXVariantGroup</string>
			<key>name</key>
			<string>InfoPlist.strings</string>
			<key>sourceTree</key>
			<string>&lt;group&gt;</string>
		</dict>
		<key>41088172196441E7004E05C7</key>
		<dict>
			<key>isa</key>
			<string>PBXFileReference</string>
			<key>lastKnownFileType</key>
			<string>text.plist.strings</string>
			<key>name</key>
			<string>en</string>
			<key>path</key>
			<string>en.lproj/InfoPlist.strings</string>
			<key>sourceTree</key>
			<string>&lt;group&gt;</string>
		</dict>
		<key>41088173196441E7004E05C7</key>
		<dict>
			<key>fileRef</key>
			<string>41088171196441E7004E05C7</string>
			<key>isa</key>
			<string>PBXBuildFile</string>
		</dict>
		<key>41088176196441E7004E05C7</key>
		<dict>
			<key>buildSettings</key>
			<dict>
				<key>ALWAYS_SEARCH_USER_PATHS</key>
				<string>NO</string>
				<key>ARCHS</key>
				<string>$(ARCHS_STANDARD_INCLUDING_64_BIT)</string>
				<key>CLANG_CXX_LANGUAGE_STANDARD</key>
				<string>gnu++0x</string>
				<key>CLANG_CXX_LIBRARY</key>
				<string>libc++</string>
				<key>CLANG_ENABLE_MODULES</key>
				<string>YES</string>
				<key>CLANG_ENABLE_OBJC_ARC</key>
				<string>YES</string>
				<key>CLANG_WARN_BOOL_CONVERSION</key>
				<string>YES</string>
				<key>CLANG_WARN_CONSTANT_CONVERSION</key>
				<string>YES</string>
				<key>CLANG_WARN_DIRECT_OBJC_ISA_USAGE</key>
				<string>YES_ERROR</string>
				<key>CLANG_WARN_EMPTY_BODY</key>
				<string>YES</string>
				<key>CLANG_WARN_ENUM_CONVERSION</key>
				<string>YES</string>
				<key>CLANG_WARN_INT_CONVERSION</key>
				<string>YES</string>
				<key>CLANG_WARN_OBJC_ROOT_CLASS</key>
				<string>YES_ERROR</string>
				<key>CLANG_WARN__DUPLICATE_METHOD_MATCH</key>
				<string>YES</string>
				<key>CODE_SIGN_IDENTITY[sdk=iphoneos*]</key>
				<string>iPhone Developer</string>
				<key>COPY_PHASE_STRIP</key>
				<string>NO</string>
				<key>GCC_C_LANGUAGE_STANDARD</key>
				<string>gnu99</string>
				<key>GCC_DYNAMIC_NO_PIC</key>
				<string>NO</string>
				<key>GCC_OPTIMIZATION_LEVEL</key>
				<string>0</string>
				<key>GCC_PREPROCESSOR_DEFINITIONS</key>
				<array>
					<string>DEBUG=1</string>
					<string>$(inherited)</string>
				</array>
				<key>GCC_SYMBOLS_PRIVATE_EXTERN</key>
				<string>NO</string>
				<key>GCC_WARN_64_TO_32_BIT_CONVERSION</key>
				<string>YES</string>
				<key>GCC_WARN_ABOUT_RETURN_TYPE</key>
				<string>YES_ERROR</string>
				<key>GCC_WARN_UNDECLARED_SELECTOR</key>
				<string>YES</string>
				<key>GCC_WARN_UNINITIALIZED_AUTOS</key>
				<string>YES</string>
				<key>GCC_WARN_UNUSED_FUNCTION</key>
				<string>YES</string>
				<key>GCC_WARN_UNUSED_VARIABLE</key>
				<string>YES</string>
				<key>IPHONEOS_DEPLOYMENT_TARGET</key>
				<string>7.0</string>
				<key>ONLY_ACTIVE_ARCH</key>
				<string>YES</string>
				<key>SDKROOT</key>
				<string>iphoneos</string>
			</dict>
			<key>isa</key>
			<string>XCBuildConfiguration</string>
			<key>name</key>
			<string>Debug</string>
		</dict>
		<key>41088177196441E7004E05C7</key>
		<dict>
			<key>buildSettings</key>
			<dict>
				<key>ALWAYS_SEARCH_USER_PATHS</key>
				<string>NO</string>
				<key>ARCHS</key>
				<string>$(ARCHS_STANDARD_INCLUDING_64_BIT)</string>
				<key>CLANG_CXX_LANGUAGE_STANDARD</key>
				<string>gnu++0x</string>
				<key>CLANG_CXX_LIBRARY</key>
				<string>libc++</string>
				<key>CLANG_ENABLE_MODULES</key>
				<string>YES</string>
				<key>CLANG_ENABLE_OBJC_ARC</key>
				<string>YES</string>
				<key>CLANG_WARN_BOOL_CONVERSION</key>
				<string>YES</string>
				<key>CLANG_WARN_CONSTANT_CONVERSION</key>
				<string>YES</string>
				<key>CLANG_WARN_DIRECT_OBJC_ISA_USAGE</key>
				<string>YES_ERROR</string>
				<key>CLANG_WARN_EMPTY_BODY</key>
				<string>YES</string>
				<key>CLANG_WARN_ENUM_CONVERSION</key>
				<string>YES</string>
				<key>CLANG_WARN_INT_CONVERSION</key>
				<string>YES</string>
				<key>CLANG_WARN_OBJC_ROOT_CLASS</key>
				<string>YES_ERROR</string>
				<key>CLANG_WARN__DUPLICATE_METHOD_MATCH</key>
				<string>YES</string>
				<key>CODE_SIGN_IDENTITY[sdk=iphoneos*]</key>
				<string>iPhone Developer</string>
				<key>COPY_PHASE_STRIP</key>
				<string>YES</string>
				<key>ENABLE_NS_ASSERTIONS</key>
				<string>NO</string>
				<key>GCC_C_LANGUAGE_STANDARD</key>
				<string>gnu99</string>
				<key>GCC_WARN_64_TO_32_BIT_CONVERSION</key>
				<string>YES</string>
				<key>GCC_WARN_ABOUT_RETURN_TYPE</key>
				<string>YES_ERROR</string>
				<key>GCC_WARN_UNDECLARED_SELECTOR</key>
				<string>YES</string>
				<key>GCC_WARN_UNINITIALIZED_AUTOS</key>
				<string>YES</string>
				<key>GCC_WARN_UNUSED_FUNCTION</key>
				<string>YES</string>
				<key>GCC_WARN_UNUSED_VARIABLE</key>
				<string>YES</string>
				<key>IPHONEOS_DEPLOYMENT_TARGET</key>
				<string>7.0</string>
				<key>SDKROOT</key>
				<string>iphoneos</string>
				<key>VALIDATE_PRODUCT</key>
				<string>YES</string>
			</dict>
			<key>isa</key>
			<string>XCBuildConfiguration</string>
			<key>name</key>
			<string>Release</string>
		</dict>
		<key>41088178196441E7004E05C7</key>
		<dict>
			<key>buildConfigurations</key>
			<array>
				<string>41088179196441E7004E05C7</string>
				<string>4108817A196441E7004E05C7</string>
			</array>
			<key>defaultConfigurationIsVisible</key>
			<string>0</string>
			<key>defaultConfigurationName</key>
			<string>Release</string>
			<key>isa</key>
			<string>XCConfigurationList</string>
		</dict>
		<key>41088179196441E7004E05C7</key>
		<dict>
			<key>baseConfigurationReference</key>
			<string>DBDAAEC2CCCC920E0AACA9AB</string>
			<key>buildSettings</key>
			<dict>
				<key>ASSETCATALOG_COMPILER_APPICON_NAME</key>
				<string>AppIcon</string>
				<key>ASSETCATALOG_COMPILER_LAUNCHIMAGE_NAME</key>
				<string>LaunchImage</string>
				<key>GCC_PRECOMPILE_PREFIX_HEADER</key>
				<string>YES</string>
				<key>GCC_PREFIX_HEADER</key>
				<string>IKJaymaSample/IKJaymaSample-Prefix.pch</string>
				<key>INFOPLIST_FILE</key>
				<string>IKJaymaSample/IKJaymaSample-Info.plist</string>
				<key>PRODUCT_NAME</key>
				<string>$(TARGET_NAME)</string>
				<key>WRAPPER_EXTENSION</key>
				<string>app</string>
			</dict>
			<key>isa</key>
			<string>XCBuildConfiguration</string>
			<key>name</key>
			<string>Debug</string>
		</dict>
		<key>4108817A196441E7004E05C7</key>
		<dict>
			<key>baseConfigurationReference</key>
			<string>86EF14F082791E0ACE96737E</string>
			<key>buildSettings</key>
			<dict>
				<key>ASSETCATALOG_COMPILER_APPICON_NAME</key>
				<string>AppIcon</string>
				<key>ASSETCATALOG_COMPILER_LAUNCHIMAGE_NAME</key>
				<string>LaunchImage</string>
				<key>GCC_PRECOMPILE_PREFIX_HEADER</key>
				<string>YES</string>
				<key>GCC_PREFIX_HEADER</key>
				<string>IKJaymaSample/IKJaymaSample-Prefix.pch</string>
				<key>INFOPLIST_FILE</key>
				<string>IKJaymaSample/IKJaymaSample-Info.plist</string>
				<key>PRODUCT_NAME</key>
				<string>$(TARGET_NAME)</string>
				<key>WRAPPER_EXTENSION</key>
				<string>app</string>
			</dict>
			<key>isa</key>
			<string>XCBuildConfiguration</string>
			<key>name</key>
			<string>Release</string>
		</dict>
		<key>4108817B196441E7004E05C7</key>
		<dict>
			<key>buildConfigurations</key>
			<array>
				<string>4108817C196441E7004E05C7</string>
				<string>4108817D196441E7004E05C7</string>
			</array>
			<key>defaultConfigurationIsVisible</key>
			<string>0</string>
			<key>defaultConfigurationName</key>
			<string>Release</string>
			<key>isa</key>
			<string>XCConfigurationList</string>
		</dict>
		<key>4108817C196441E7004E05C7</key>
		<dict>
			<key>buildSettings</key>
			<dict>
				<key>ARCHS</key>
				<string>$(ARCHS_STANDARD_INCLUDING_64_BIT)</string>
				<key>BUNDLE_LOADER</key>
				<string>$(BUILT_PRODUCTS_DIR)/IKJaymaSample.app/IKJaymaSample</string>
				<key>FRAMEWORK_SEARCH_PATHS</key>
				<array>
					<string>$(SDKROOT)/Developer/Library/Frameworks</string>
					<string>$(inherited)</string>
					<string>$(DEVELOPER_FRAMEWORKS_DIR)</string>
				</array>
				<key>GCC_PRECOMPILE_PREFIX_HEADER</key>
				<string>YES</string>
				<key>GCC_PREFIX_HEADER</key>
				<string>IKJaymaSample/IKJaymaSample-Prefix.pch</string>
				<key>GCC_PREPROCESSOR_DEFINITIONS</key>
				<array>
					<string>DEBUG=1</string>
					<string>$(inherited)</string>
				</array>
				<key>INFOPLIST_FILE</key>
				<string>IKJaymaSampleTests/IKJaymaSampleTests-Info.plist</string>
				<key>PRODUCT_NAME</key>
				<string>$(TARGET_NAME)</string>
				<key>TEST_HOST</key>
				<string>$(BUNDLE_LOADER)</string>
				<key>WRAPPER_EXTENSION</key>
				<string>xctest</string>
			</dict>
			<key>isa</key>
			<string>XCBuildConfiguration</string>
			<key>name</key>
			<string>Debug</string>
		</dict>
		<key>4108817D196441E7004E05C7</key>
		<dict>
			<key>buildSettings</key>
			<dict>
				<key>ARCHS</key>
				<string>$(ARCHS_STANDARD_INCLUDING_64_BIT)</string>
				<key>BUNDLE_LOADER</key>
				<string>$(BUILT_PRODUCTS_DIR)/IKJaymaSample.app/IKJaymaSample</string>
				<key>FRAMEWORK_SEARCH_PATHS</key>
				<array>
					<string>$(SDKROOT)/Developer/Library/Frameworks</string>
					<string>$(inherited)</string>
					<string>$(DEVELOPER_FRAMEWORKS_DIR)</string>
				</array>
				<key>GCC_PRECOMPILE_PREFIX_HEADER</key>
				<string>YES</string>
				<key>GCC_PREFIX_HEADER</key>
				<string>IKJaymaSample/IKJaymaSample-Prefix.pch</string>
				<key>INFOPLIST_FILE</key>
				<string>IKJaymaSampleTests/IKJaymaSampleTests-Info.plist</string>
				<key>PRODUCT_NAME</key>
				<string>$(TARGET_NAME)</string>
				<key>TEST_HOST</key>
				<string>$(BUNDLE_LOADER)</string>
				<key>WRAPPER_EXTENSION</key>
				<string>xctest</string>
			</dict>
			<key>isa</key>
			<string>XCBuildConfiguration</string>
			<key>name</key>
			<string>Release</string>
		</dict>
		<key>4108818919644462004E05C7</key>
		<dict>
			<key>children</key>
			<array>
				<string>4108818A196446AD004E05C7</string>
				<string>4108818B196446AD004E05C7</string>
				<string>4108818D19644D83004E05C7</string>
				<string>4108818E19644D83004E05C7</string>
			</array>
			<key>isa</key>
			<string>PBXGroup</string>
			<key>name</key>
			<string>Abstract Sons</string>
			<key>sourceTree</key>
			<string>&lt;group&gt;</string>
		</dict>
		<key>4108818A196446AD004E05C7</key>
		<dict>
			<key>fileEncoding</key>
			<string>4</string>
			<key>isa</key>
			<string>PBXFileReference</string>
			<key>lastKnownFileType</key>
			<string>sourcecode.c.h</string>
			<key>path</key>
			<string>IKContact.h</string>
			<key>sourceTree</key>
			<string>&lt;group&gt;</string>
		</dict>
		<key>4108818B196446AD004E05C7</key>
		<dict>
			<key>fileEncoding</key>
			<string>4</string>
			<key>isa</key>
			<string>PBXFileReference</string>
			<key>lastKnownFileType</key>
			<string>sourcecode.c.objc</string>
			<key>path</key>
			<string>IKContact.m</string>
			<key>sourceTree</key>
			<string>&lt;group&gt;</string>
		</dict>
		<key>4108818C196446AD004E05C7</key>
		<dict>
			<key>fileRef</key>
			<string>4108818B196446AD004E05C7</string>
			<key>isa</key>
			<string>PBXBuildFile</string>
		</dict>
		<key>4108818D19644D83004E05C7</key>
		<dict>
			<key>fileEncoding</key>
			<string>4</string>
			<key>isa</key>
			<string>PBXFileReference</string>
			<key>lastKnownFileType</key>
			<string>sourcecode.c.h</string>
			<key>path</key>
			<string>IKContactsRepository.h</string>
			<key>sourceTree</key>
			<string>&lt;group&gt;</string>
		</dict>
		<key>4108818E19644D83004E05C7</key>
		<dict>
			<key>fileEncoding</key>
			<string>4</string>
			<key>isa</key>
			<string>PBXFileReference</string>
			<key>lastKnownFileType</key>
			<string>sourcecode.c.objc</string>
			<key>path</key>
			<string>IKContactsRepository.m</string>
			<key>sourceTree</key>
			<string>&lt;group&gt;</string>
		</dict>
		<key>4108818F19644D83004E05C7</key>
		<dict>
			<key>fileRef</key>
			<string>4108818E19644D83004E05C7</string>
			<key>isa</key>
			<string>PBXBuildFile</string>
		</dict>
		<key>4108819019647410004E05C7</key>
		<dict>
			<key>fileEncoding</key>
			<string>4</string>
			<key>isa</key>
			<string>PBXFileReference</string>
			<key>lastKnownFileType</key>
			<string>sourcecode.c.h</string>
			<key>path</key>
			<string>Headers.h</string>
			<key>sourceTree</key>
			<string>&lt;group&gt;</string>
		</dict>
		<key>57BF7EA28AAFA36F301B1602</key>
		<dict>
			<key>children</key>
			<array>
				<string>DBDAAEC2CCCC920E0AACA9AB</string>
				<string>86EF14F082791E0ACE96737E</string>
			</array>
			<key>isa</key>
			<string>PBXGroup</string>
			<key>name</key>
			<string>Pods</string>
			<key>sourceTree</key>
			<string>&lt;group&gt;</string>
		</dict>
		<key>86EF14F082791E0ACE96737E</key>
		<dict>
			<key>includeInIndex</key>
			<string>1</string>
			<key>isa</key>
			<string>PBXFileReference</string>
			<key>lastKnownFileType</key>
			<string>text.xcconfig</string>
			<key>name</key>
			<string>Pods-IKJaymaSample.release.xcconfig</string>
			<key>path</key>
			<string>Pods/Target Support Files/Pods-IKJaymaSample/Pods-IKJaymaSample.release.xcconfig</string>
			<key>sourceTree</key>
			<string>&lt;group&gt;</string>
		</dict>
		<key>BFEE34AA19785A6C0025DB8E</key>
		<dict>
			<key>fileEncoding</key>
			<string>4</string>
			<key>isa</key>
			<string>PBXFileReference</string>
			<key>lastKnownFileType</key>
			<string>sourcecode.c.h</string>
			<key>path</key>
			<string>IJAbstractBackend.h</string>
			<key>sourceTree</key>
			<string>&lt;group&gt;</string>
		</dict>
		<key>BFEE34AB19785A6C0025DB8E</key>
		<dict>
			<key>fileEncoding</key>
			<string>4</string>
			<key>isa</key>
			<string>PBXFileReference</string>
			<key>lastKnownFileType</key>
			<string>sourcecode.c.objc</string>
			<key>path</key>
			<string>IJAbstractBackend.m</string>
			<key>sourceTree</key>
			<string>&lt;group&gt;</string>
		</dict>
		<key>BFEE34AC19785A6C0025DB8E</key>
		<dict>
			<key>fileRef</key>
			<string>BFEE34AB19785A6C0025DB8E</string>
			<key>isa</key>
			<string>PBXBuildFile</string>
		</dict>
		<key>BFEE34AD19785A6C0025DB8E</key>
		<dict>
			<key>fileRef</key>
			<string>BFEE34AB19785A6C0025DB8E</string>
			<key>isa</key>
			<string>PBXBuildFile</string>
		</dict>
		<key>CC0E1346941945F29954D57E</key>
		<dict>
			<key>fileRef</key>
			<string>1394804781C54D008529B8C4</string>
			<key>isa</key>
			<string>PBXBuildFile</string>
		</dict>
		<key>DBDAAEC2CCCC920E0AACA9AB</key>
		<dict>
			<key>includeInIndex</key>
			<string>1</string>
			<key>isa</key>
			<string>PBXFileReference</string>
			<key>lastKnownFileType</key>
			<string>text.xcconfig</string>
			<key>name</key>
			<string>Pods-IKJaymaSample.debug.xcconfig</string>
			<key>path</key>
			<string>Pods/Target Support Files/Pods-IKJaymaSample/Pods-IKJaymaSample.debug.xcconfig</string>
			<key>sourceTree</key>
			<string>&lt;group&gt;</string>
		</dict>
		<key>FFB4865E08D24CEF93707E41</key>
		<dict>
			<key>buildActionMask</key>
			<string>2147483647</string>
			<key>files</key>
			<array/>
			<key>inputPaths</key>
			<array/>
			<key>isa</key>
			<string>PBXShellScriptBuildPhase</string>
			<key>name</key>
			<string>Check Pods Manifest.lock</string>
			<key>outputPaths</key>
			<array/>
			<key>runOnlyForDeploymentPostprocessing</key>
			<string>0</string>
			<key>shellPath</key>
			<string>/bin/sh</string>
			<key>shellScript</key>
			<string>diff "${PODS_ROOT}/../Podfile.lock" "${PODS_ROOT}/Manifest.lock" &gt; /dev/null
if [[ $? != 0 ]] ; then
    cat &lt;&lt; EOM
error: The sandbox is not in sync with the Podfile.lock. Run 'pod install' or update your CocoaPods installation.
EOM
    exit 1
fi
</string>
			<key>showEnvVarsInLog</key>
			<string>0</string>
		</dict>
	</dict>
	<key>rootObject</key>
	<string>4108813E196441E7004E05C7</string>
</dict>
</plist>
